
Microsoft Visual Studio Solution File, Format Version 12.00
# Visual Studio Version 16
VisualStudioVersion = 16.0.34301.259
MinimumVisualStudioVersion = 10.0.40219.1
Project("{FAE04EC0-301F-11D3-BF4B-00C04F79EFBC}") = "DadosFuncionario", "DadosFuncionario\DadosFuncionario.csproj", "{81832744-A05F-4ACE-B48D-8CE039BDBB37}"
EndProject
Global
	GlobalSection(SolutionConfigurationPlatforms) = preSolution
		Debug|Any CPU = Debug|Any CPU
		Release|Any CPU = Release|Any CPU
	EndGlobalSection
	GlobalSection(ProjectConfigurationPlatforms) = postSolution
		{81832744-A05F-4ACE-B48D-8CE039BDBB37}.Debug|Any CPU.ActiveCfg = Debug|Any CPU
		{81832744-A05F-4ACE-B48D-8CE039BDBB37}.Debug|Any CPU.Build.0 = Debug|Any CPU
		{81832744-A05F-4ACE-B48D-8CE039BDBB37}.Release|Any CPU.ActiveCfg = Release|Any CPU
		{81832744-A05F-4ACE-B48D-8CE039BDBB37}.Release|Any CPU.Build.0 = Release|Any CPU
	EndGlobalSection
	GlobalSection(SolutionProperties) = preSolution
		HideSolutionNode = FALSE
	EndGlobalSection
	GlobalSection(ExtensibilityGlobals) = postSolution
		SolutionGuid = {B64F7C69-F6ED-4FF0-A88C-FD8760F3DE4B}
	EndGlobalSection
EndGlobal
